
Microsoft Visual Studio Solution File, Format Version 12.00
# Visual Studio Version 17
VisualStudioVersion = 17.10.35013.160
MinimumVisualStudioVersion = 10.0.40219.1
Project("{FAE04EC0-301F-11D3-BF4B-00C04F79EFBC}") = "HttpServerDemo", "HttpServerDemo\HttpServerDemo.csproj", "{CBA4FC62-1279-4AD3-9045-2F0CAD7E7B29}"
EndProject
Project("{FAE04EC0-301F-11D3-BF4B-00C04F79EFBC}") = "HttpClientDemo", "HttpClientDemo\HttpClientDemo.csproj", "{E1842876-91CB-4E5E-AD2D-DE42656ED103}"
EndProject
Global
	GlobalSection(SolutionConfigurationPlatforms) = preSolution
		Debug|Any CPU = Debug|Any CPU
		Release|Any CPU = Release|Any CPU
	EndGlobalSection
	GlobalSection(ProjectConfigurationPlatforms) = postSolution
		{CBA4FC62-1279-4AD3-9045-2F0CAD7E7B29}.Debug|Any CPU.ActiveCfg = Debug|Any CPU
		{CBA4FC62-1279-4AD3-9045-2F0CAD7E7B29}.Debug|Any CPU.Build.0 = Debug|Any CPU
		{CBA4FC62-1279-4AD3-9045-2F0CAD7E7B29}.Release|Any CPU.ActiveCfg = Release|Any CPU
		{CBA4FC62-1279-4AD3-9045-2F0CAD7E7B29}.Release|Any CPU.Build.0 = Release|Any CPU
		{E1842876-91CB-4E5E-AD2D-DE42656ED103}.Debug|Any CPU.ActiveCfg = Debug|Any CPU
		{E1842876-91CB-4E5E-AD2D-DE42656ED103}.Debug|Any CPU.Build.0 = Debug|Any CPU
		{E1842876-91CB-4E5E-AD2D-DE42656ED103}.Release|Any CPU.ActiveCfg = Release|Any CPU
		{E1842876-91CB-4E5E-AD2D-DE42656ED103}.Release|Any CPU.Build.0 = Release|Any CPU
	EndGlobalSection
	GlobalSection(SolutionProperties) = preSolution
		HideSolutionNode = FALSE
	EndGlobalSection
	GlobalSection(ExtensibilityGlobals) = postSolution
		SolutionGuid = {8FBEA433-2A8B-453F-9280-F9B0E08A13C7}
	EndGlobalSection
EndGlobal
